
Microsoft Visual Studio Solution File, Format Version 12.00
# Visual Studio Version 16
VisualStudioVersion = 16.0.30413.136
MinimumVisualStudioVersion = 10.0.40219.1
Project("{2150E333-8FDC-42A3-9474-1A3956D46DE8}") = ".nuget", ".nuget", "{FE599DC1-DEE5-47DE-BD28-FE4179322215}"
	ProjectSection(SolutionItems) = preProject
		.nuget\NuGet.Config = .nuget\NuGet.Config
		.nuget\NuGet.exe = .nuget\NuGet.exe
		.nuget\NuGet.targets = .nuget\NuGet.targets
	EndProjectSection
EndProject
Project("{9A19103F-16F7-4668-BE54-9A1E7A4F7556}") = "Kanji.Common", "Kanji.Common\Kanji.Common.csproj", "{D9CC42D4-7281-4293-BBD1-FDF0FFCF8ABF}"
EndProject
Project("{9A19103F-16F7-4668-BE54-9A1E7A4F7556}") = "Kanji.Database", "Kanji.Database\Kanji.Database.csproj", "{DCABD711-8FB0-4D2A-B312-CCD049F0BC90}"
	ProjectSection(ProjectDependencies) = postProject
		{D9CC42D4-7281-4293-BBD1-FDF0FFCF8ABF} = {D9CC42D4-7281-4293-BBD1-FDF0FFCF8ABF}
	EndProjectSection
EndProject
Project("{9A19103F-16F7-4668-BE54-9A1E7A4F7556}") = "Kanji.DatabaseMaker", "Kanji.DatabaseMaker\Kanji.DatabaseMaker.csproj", "{58375F90-F472-49DF-A583-336D86AB678F}"
	ProjectSection(ProjectDependencies) = postProject
		{DCABD711-8FB0-4D2A-B312-CCD049F0BC90} = {DCABD711-8FB0-4D2A-B312-CCD049F0BC90}
		{D9CC42D4-7281-4293-BBD1-FDF0FFCF8ABF} = {D9CC42D4-7281-4293-BBD1-FDF0FFCF8ABF}
	EndProjectSection
EndProject
Project("{9A19103F-16F7-4668-BE54-9A1E7A4F7556}") = "Kanji.DatabaseMaker.WaniKani", "Kanji.DatabaseMaker.WaniKani\Kanji.DatabaseMaker.WaniKani.csproj", "{796C2826-EF46-4270-BC7C-8E23C307FDC4}"
	ProjectSection(ProjectDependencies) = postProject
		{DCABD711-8FB0-4D2A-B312-CCD049F0BC90} = {DCABD711-8FB0-4D2A-B312-CCD049F0BC90}
		{58375F90-F472-49DF-A583-336D86AB678F} = {58375F90-F472-49DF-A583-336D86AB678F}
		{D9CC42D4-7281-4293-BBD1-FDF0FFCF8ABF} = {D9CC42D4-7281-4293-BBD1-FDF0FFCF8ABF}
	EndProjectSection
EndProject
Project("{9A19103F-16F7-4668-BE54-9A1E7A4F7556}") = "Kanji.Interface", "Kanji.Interface\Kanji.Interface.csproj", "{D0AD5C59-8C40-4DAA-8B74-89C6B0E4C67C}"
	ProjectSection(ProjectDependencies) = postProject
		{DCABD711-8FB0-4D2A-B312-CCD049F0BC90} = {DCABD711-8FB0-4D2A-B312-CCD049F0BC90}
		{D9CC42D4-7281-4293-BBD1-FDF0FFCF8ABF} = {D9CC42D4-7281-4293-BBD1-FDF0FFCF8ABF}
	EndProjectSection
EndProject
Global
	GlobalSection(SolutionConfigurationPlatforms) = preSolution
		CD_ROM|Any CPU = CD_ROM|Any CPU
		Debug|Any CPU = Debug|Any CPU
		DVD-5|Any CPU = DVD-5|Any CPU
		Release|Any CPU = Release|Any CPU
		SingleImage|Any CPU = SingleImage|Any CPU
	EndGlobalSection
	GlobalSection(ProjectConfigurationPlatforms) = postSolution
		{D9CC42D4-7281-4293-BBD1-FDF0FFCF8ABF}.CD_ROM|Any CPU.ActiveCfg = Debug|Any CPU
		{D9CC42D4-7281-4293-BBD1-FDF0FFCF8ABF}.CD_ROM|Any CPU.Build.0 = Debug|Any CPU
		{D9CC42D4-7281-4293-BBD1-FDF0FFCF8ABF}.Debug|Any CPU.ActiveCfg = Debug|Any CPU
		{D9CC42D4-7281-4293-BBD1-FDF0FFCF8ABF}.Debug|Any CPU.Build.0 = Debug|Any CPU
		{D9CC42D4-7281-4293-BBD1-FDF0FFCF8ABF}.DVD-5|Any CPU.ActiveCfg = Debug|Any CPU
		{D9CC42D4-7281-4293-BBD1-FDF0FFCF8ABF}.DVD-5|Any CPU.Build.0 = Debug|Any CPU
		{D9CC42D4-7281-4293-BBD1-FDF0FFCF8ABF}.Release|Any CPU.ActiveCfg = Release|Any CPU
		{D9CC42D4-7281-4293-BBD1-FDF0FFCF8ABF}.Release|Any CPU.Build.0 = Release|Any CPU
		{D9CC42D4-7281-4293-BBD1-FDF0FFCF8ABF}.SingleImage|Any CPU.ActiveCfg = Debug|Any CPU
		{D9CC42D4-7281-4293-BBD1-FDF0FFCF8ABF}.SingleImage|Any CPU.Build.0 = Debug|Any CPU
		{DCABD711-8FB0-4D2A-B312-CCD049F0BC90}.CD_ROM|Any CPU.ActiveCfg = Debug|Any CPU
		{DCABD711-8FB0-4D2A-B312-CCD049F0BC90}.CD_ROM|Any CPU.Build.0 = Debug|Any CPU
		{DCABD711-8FB0-4D2A-B312-CCD049F0BC90}.Debug|Any CPU.ActiveCfg = Debug|Any CPU
		{DCABD711-8FB0-4D2A-B312-CCD049F0BC90}.Debug|Any CPU.Build.0 = Debug|Any CPU
		{DCABD711-8FB0-4D2A-B312-CCD049F0BC90}.DVD-5|Any CPU.ActiveCfg = Debug|Any CPU
		{DCABD711-8FB0-4D2A-B312-CCD049F0BC90}.DVD-5|Any CPU.Build.0 = Debug|Any CPU
		{DCABD711-8FB0-4D2A-B312-CCD049F0BC90}.Release|Any CPU.ActiveCfg = Release|Any CPU
		{DCABD711-8FB0-4D2A-B312-CCD049F0BC90}.Release|Any CPU.Build.0 = Release|Any CPU
		{DCABD711-8FB0-4D2A-B312-CCD049F0BC90}.SingleImage|Any CPU.ActiveCfg = Debug|Any CPU
		{DCABD711-8FB0-4D2A-B312-CCD049F0BC90}.SingleImage|Any CPU.Build.0 = Debug|Any CPU
		{58375F90-F472-49DF-A583-336D86AB678F}.CD_ROM|Any CPU.ActiveCfg = Debug|Any CPU
		{58375F90-F472-49DF-A583-336D86AB678F}.CD_ROM|Any CPU.Build.0 = Debug|Any CPU
		{58375F90-F472-49DF-A583-336D86AB678F}.Debug|Any CPU.ActiveCfg = Debug|Any CPU
		{58375F90-F472-49DF-A583-336D86AB678F}.Debug|Any CPU.Build.0 = Debug|Any CPU
		{58375F90-F472-49DF-A583-336D86AB678F}.DVD-5|Any CPU.ActiveCfg = Debug|Any CPU
		{58375F90-F472-49DF-A583-336D86AB678F}.DVD-5|Any CPU.Build.0 = Debug|Any CPU
		{58375F90-F472-49DF-A583-336D86AB678F}.Release|Any CPU.ActiveCfg = Release|Any CPU
		{58375F90-F472-49DF-A583-336D86AB678F}.Release|Any CPU.Build.0 = Release|Any CPU
		{58375F90-F472-49DF-A583-336D86AB678F}.SingleImage|Any CPU.ActiveCfg = Debug|Any CPU
		{58375F90-F472-49DF-A583-336D86AB678F}.SingleImage|Any CPU.Build.0 = Debug|Any CPU
		{796C2826-EF46-4270-BC7C-8E23C307FDC4}.CD_ROM|Any CPU.ActiveCfg = Debug|Any CPU
		{796C2826-EF46-4270-BC7C-8E23C307FDC4}.CD_ROM|Any CPU.Build.0 = Debug|Any CPU
		{796C2826-EF46-4270-BC7C-8E23C307FDC4}.Debug|Any CPU.ActiveCfg = Debug|Any CPU
		{796C2826-EF46-4270-BC7C-8E23C307FDC4}.Debug|Any CPU.Build.0 = Debug|Any CPU
		{796C2826-EF46-4270-BC7C-8E23C307FDC4}.DVD-5|Any CPU.ActiveCfg = Debug|Any CPU
		{796C2826-EF46-4270-BC7C-8E23C307FDC4}.DVD-5|Any CPU.Build.0 = Debug|Any CPU
		{796C2826-EF46-4270-BC7C-8E23C307FDC4}.Release|Any CPU.ActiveCfg = Release|Any CPU
		{796C2826-EF46-4270-BC7C-8E23C307FDC4}.Release|Any CPU.Build.0 = Release|Any CPU
		{796C2826-EF46-4270-BC7C-8E23C307FDC4}.SingleImage|Any CPU.ActiveCfg = Debug|Any CPU
		{796C2826-EF46-4270-BC7C-8E23C307FDC4}.SingleImage|Any CPU.Build.0 = Debug|Any CPU
		{D0AD5C59-8C40-4DAA-8B74-89C6B0E4C67C}.CD_ROM|Any CPU.ActiveCfg = Debug|Any CPU
		{D0AD5C59-8C40-4DAA-8B74-89C6B0E4C67C}.CD_ROM|Any CPU.Build.0 = Debug|Any CPU
		{D0AD5C59-8C40-4DAA-8B74-89C6B0E4C67C}.Debug|Any CPU.ActiveCfg = Debug|Any CPU
		{D0AD5C59-8C40-4DAA-8B74-89C6B0E4C67C}.Debug|Any CPU.Build.0 = Debug|Any CPU
		{D0AD5C59-8C40-4DAA-8B74-89C6B0E4C67C}.DVD-5|Any CPU.ActiveCfg = Debug|Any CPU
		{D0AD5C59-8C40-4DAA-8B74-89C6B0E4C67C}.DVD-5|Any CPU.Build.0 = Debug|Any CPU
		{D0AD5C59-8C40-4DAA-8B74-89C6B0E4C67C}.Release|Any CPU.ActiveCfg = Release|Any CPU
		{D0AD5C59-8C40-4DAA-8B74-89C6B0E4C67C}.Release|Any CPU.Build.0 = Release|Any CPU
		{D0AD5C59-8C40-4DAA-8B74-89C6B0E4C67C}.SingleImage|Any CPU.ActiveCfg = Debug|Any CPU
		{D0AD5C59-8C40-4DAA-8B74-89C6B0E4C67C}.SingleImage|Any CPU.Build.0 = Debug|Any CPU
		{96C2EEF3-930E-41F6-82F2-895928A52671}.CD_ROM|Any CPU.ActiveCfg = Debug|Any CPU
		{96C2EEF3-930E-41F6-82F2-895928A52671}.CD_ROM|Any CPU.Build.0 = Debug|Any CPU
		{96C2EEF3-930E-41F6-82F2-895928A52671}.Debug|Any CPU.ActiveCfg = Debug|Any CPU
		{96C2EEF3-930E-41F6-82F2-895928A52671}.Debug|Any CPU.Build.0 = Debug|Any CPU
		{96C2EEF3-930E-41F6-82F2-895928A52671}.DVD-5|Any CPU.ActiveCfg = Debug|Any CPU
		{96C2EEF3-930E-41F6-82F2-895928A52671}.DVD-5|Any CPU.Build.0 = Debug|Any CPU
		{96C2EEF3-930E-41F6-82F2-895928A52671}.Release|Any CPU.ActiveCfg = Release|Any CPU
		{96C2EEF3-930E-41F6-82F2-895928A52671}.Release|Any CPU.Build.0 = Release|Any CPU
		{96C2EEF3-930E-41F6-82F2-895928A52671}.SingleImage|Any CPU.ActiveCfg = Debug|Any CPU
		{96C2EEF3-930E-41F6-82F2-895928A52671}.SingleImage|Any CPU.Build.0 = Debug|Any CPU
		{DC9E19E6-55EE-4688-8D7C-B43EF27D7A08}.CD_ROM|Any CPU.ActiveCfg = Debug|Any CPU
		{DC9E19E6-55EE-4688-8D7C-B43EF27D7A08}.CD_ROM|Any CPU.Build.0 = Debug|Any CPU
		{DC9E19E6-55EE-4688-8D7C-B43EF27D7A08}.Debug|Any CPU.ActiveCfg = Debug|Any CPU
		{DC9E19E6-55EE-4688-8D7C-B43EF27D7A08}.Debug|Any CPU.Build.0 = Debug|Any CPU
		{DC9E19E6-55EE-4688-8D7C-B43EF27D7A08}.DVD-5|Any CPU.ActiveCfg = Debug|Any CPU
		{DC9E19E6-55EE-4688-8D7C-B43EF27D7A08}.DVD-5|Any CPU.Build.0 = Debug|Any CPU
		{DC9E19E6-55EE-4688-8D7C-B43EF27D7A08}.Release|Any CPU.ActiveCfg = Release|Any CPU
		{DC9E19E6-55EE-4688-8D7C-B43EF27D7A08}.Release|Any CPU.Build.0 = Release|Any CPU
		{DC9E19E6-55EE-4688-8D7C-B43EF27D7A08}.SingleImage|Any CPU.ActiveCfg = Debug|Any CPU
		{DC9E19E6-55EE-4688-8D7C-B43EF27D7A08}.SingleImage|Any CPU.Build.0 = Debug|Any CPU
		{EFD26AA5-6804-49E7-9954-5284D3ACCE7B}.CD_ROM|Any CPU.ActiveCfg = Debug|Any CPU
		{EFD26AA5-6804-49E7-9954-5284D3ACCE7B}.CD_ROM|Any CPU.Build.0 = Debug|Any CPU
		{EFD26AA5-6804-49E7-9954-5284D3ACCE7B}.Debug|Any CPU.ActiveCfg = Debug|Any CPU
		{EFD26AA5-6804-49E7-9954-5284D3ACCE7B}.Debug|Any CPU.Build.0 = Debug|Any CPU
		{EFD26AA5-6804-49E7-9954-5284D3ACCE7B}.DVD-5|Any CPU.ActiveCfg = Debug|Any CPU
		{EFD26AA5-6804-49E7-9954-5284D3ACCE7B}.DVD-5|Any CPU.Build.0 = Debug|Any CPU
		{EFD26AA5-6804-49E7-9954-5284D3ACCE7B}.Release|Any CPU.ActiveCfg = Release|Any CPU
		{EFD26AA5-6804-49E7-9954-5284D3ACCE7B}.Release|Any CPU.Build.0 = Release|Any CPU
		{EFD26AA5-6804-49E7-9954-5284D3ACCE7B}.SingleImage|Any CPU.ActiveCfg = Debug|Any CPU
		{EFD26AA5-6804-49E7-9954-5284D3ACCE7B}.SingleImage|Any CPU.Build.0 = Debug|Any CPU
		{771F3CC0-BF4B-4644-BDE3-00A892C0A611}.CD_ROM|Any CPU.ActiveCfg = Debug|Any CPU
		{771F3CC0-BF4B-4644-BDE3-00A892C0A611}.CD_ROM|Any CPU.Build.0 = Debug|Any CPU
		{771F3CC0-BF4B-4644-BDE3-00A892C0A611}.Debug|Any CPU.ActiveCfg = Debug|Any CPU
		{771F3CC0-BF4B-4644-BDE3-00A892C0A611}.Debug|Any CPU.Build.0 = Debug|Any CPU
		{771F3CC0-BF4B-4644-BDE3-00A892C0A611}.DVD-5|Any CPU.ActiveCfg = Debug|Any CPU
		{771F3CC0-BF4B-4644-BDE3-00A892C0A611}.DVD-5|Any CPU.Build.0 = Debug|Any CPU
		{771F3CC0-BF4B-4644-BDE3-00A892C0A611}.Release|Any CPU.ActiveCfg = Release|Any CPU
		{771F3CC0-BF4B-4644-BDE3-00A892C0A611}.Release|Any CPU.Build.0 = Release|Any CPU
		{771F3CC0-BF4B-4644-BDE3-00A892C0A611}.SingleImage|Any CPU.ActiveCfg = Debug|Any CPU
		{771F3CC0-BF4B-4644-BDE3-00A892C0A611}.SingleImage|Any CPU.Build.0 = Debug|Any CPU
	EndGlobalSection
	GlobalSection(SolutionProperties) = preSolution
		HideSolutionNode = FALSE
	EndGlobalSection
	GlobalSection(ExtensibilityGlobals) = postSolution
		SolutionGuid = {9B19DA0A-3615-42CF-8B6C-BCA2324FA32E}
	EndGlobalSection
EndGlobal
